
Microsoft Visual Studio Solution File, Format Version 12.00
# Visual Studio Version 17
VisualStudioVersion = 17.8.34322.80
MinimumVisualStudioVersion = 10.0.40219.1
Project("{9A19103F-16F7-4668-BE54-9A1E7A4F7556}") = "LeetCodePlayGround", "LeetCodePlayGround\LeetCodePlayGround.csproj", "{9D5FA0C1-C492-4271-A835-65B2A8801088}"
EndProject
Project("{FAE04EC0-301F-11D3-BF4B-00C04F79EFBC}") = "LeetCodePlaygroundTests", "LeetCodePlaygroundTests\LeetCodePlaygroundTests.csproj", "{0E3268A3-F88B-4382-BB0A-AC02B20C702E}"
EndProject
Global
	GlobalSection(SolutionConfigurationPlatforms) = preSolution
		Debug|Any CPU = Debug|Any CPU
		Release|Any CPU = Release|Any CPU
	EndGlobalSection
	GlobalSection(ProjectConfigurationPlatforms) = postSolution
		{9D5FA0C1-C492-4271-A835-65B2A8801088}.Debug|Any CPU.ActiveCfg = Debug|Any CPU
		{9D5FA0C1-C492-4271-A835-65B2A8801088}.Debug|Any CPU.Build.0 = Debug|Any CPU
		{9D5FA0C1-C492-4271-A835-65B2A8801088}.Release|Any CPU.ActiveCfg = Release|Any CPU
		{9D5FA0C1-C492-4271-A835-65B2A8801088}.Release|Any CPU.Build.0 = Release|Any CPU
		{0E3268A3-F88B-4382-BB0A-AC02B20C702E}.Debug|Any CPU.ActiveCfg = Debug|Any CPU
		{0E3268A3-F88B-4382-BB0A-AC02B20C702E}.Debug|Any CPU.Build.0 = Debug|Any CPU
		{0E3268A3-F88B-4382-BB0A-AC02B20C702E}.Release|Any CPU.ActiveCfg = Release|Any CPU
		{0E3268A3-F88B-4382-BB0A-AC02B20C702E}.Release|Any CPU.Build.0 = Release|Any CPU
	EndGlobalSection
	GlobalSection(SolutionProperties) = preSolution
		HideSolutionNode = FALSE
	EndGlobalSection
	GlobalSection(ExtensibilityGlobals) = postSolution
		SolutionGuid = {B5F119C2-8A31-4CEF-8BC9-6136D6160A99}
	EndGlobalSection
EndGlobal
